
Microsoft Visual Studio Solution File, Format Version 12.00
# Visual Studio Version 16
VisualStudioVersion = 16.0.31911.196
MinimumVisualStudioVersion = 10.0.40219.1
Project("{2150E333-8FDC-42A3-9474-1A3956D46DE8}") = "Services", "Services", "{69231715-9886-48BF-925C-F1D0CCA5B5AC}"
EndProject
Project("{2150E333-8FDC-42A3-9474-1A3956D46DE8}") = "Catalog", "Catalog", "{92F4A58C-EFDA-461D-BE60-625B8D74AD94}"
EndProject
Project("{9A19103F-16F7-4668-BE54-9A1E7A4F7556}") = "Catalog.API", "Services\Catalog\Catalog.API\Catalog.API.csproj", "{E05ADB25-A25F-47EE-961D-81AA121DC133}"
EndProject
Project("{E53339B2-1760-4266-BCC7-CA923CBCF16C}") = "docker-compose", "docker-compose.dcproj", "{C4564F1A-8DE6-4495-876B-69B52D4D755C}"
EndProject
Project("{2150E333-8FDC-42A3-9474-1A3956D46DE8}") = "Basket", "Basket", "{89CA67B0-0742-4971-BADB-28EB6C0B92CA}"
EndProject
Project("{9A19103F-16F7-4668-BE54-9A1E7A4F7556}") = "Basket.API", "Services\Basket\Basket.API\Basket.API.csproj", "{C769D2EF-85BC-4C10-91A8-163172CA8E02}"
EndProject
Project("{2150E333-8FDC-42A3-9474-1A3956D46DE8}") = "Discount", "Discount", "{85DB732D-B162-4686-A37B-988B055B94F3}"
EndProject
Project("{9A19103F-16F7-4668-BE54-9A1E7A4F7556}") = "Discount.API", "Services\Discount\Discount.API\Discount.API.csproj", "{8E071AB7-F154-47CD-8948-4C6EAE2E63A4}"
EndProject
Project("{9A19103F-16F7-4668-BE54-9A1E7A4F7556}") = "Discount.Grpc", "Services\Discount\Discount.Grpc\Discount.Grpc.csproj", "{D670B09B-B473-4EEC-AB1F-884421C6C101}"
EndProject
Project("{2150E333-8FDC-42A3-9474-1A3956D46DE8}") = "Ordering", "Ordering", "{BBD791C6-5008-4918-A597-508773FEBB9F}"
EndProject
Project("{FAE04EC0-301F-11D3-BF4B-00C04F79EFBC}") = "Ordering.API", "Services\Ordering\Ordering.API\Ordering.API.csproj", "{C0AAE0B4-09EA-4A0C-893A-BD6AA6A9CF47}"
EndProject
Project("{FAE04EC0-301F-11D3-BF4B-00C04F79EFBC}") = "Ordering.Domain", "Services\Ordering\Ordering.Domain\Ordering.Domain.csproj", "{3A4EE5B5-8D16-4DF6-BE0B-A1391F7BFAE2}"
EndProject
Project("{FAE04EC0-301F-11D3-BF4B-00C04F79EFBC}") = "Ordering.Application", "Services\Ordering\Ordering.Application\Ordering.Application.csproj", "{6F739F12-8A90-4065-9213-2EB65D2E87DE}"
EndProject
Project("{FAE04EC0-301F-11D3-BF4B-00C04F79EFBC}") = "Ordering.Infrastructure", "Services\Ordering\Ordering.Infrastructure\Ordering.Infrastructure.csproj", "{2DB4C2CB-E1A7-4F9B-967A-AF7E306743A8}"
EndProject
Global
	GlobalSection(SolutionConfigurationPlatforms) = preSolution
		Debug|Any CPU = Debug|Any CPU
		Release|Any CPU = Release|Any CPU
	EndGlobalSection
	GlobalSection(ProjectConfigurationPlatforms) = postSolution
		{E05ADB25-A25F-47EE-961D-81AA121DC133}.Debug|Any CPU.ActiveCfg = Debug|Any CPU
		{E05ADB25-A25F-47EE-961D-81AA121DC133}.Debug|Any CPU.Build.0 = Debug|Any CPU
		{E05ADB25-A25F-47EE-961D-81AA121DC133}.Release|Any CPU.ActiveCfg = Release|Any CPU
		{E05ADB25-A25F-47EE-961D-81AA121DC133}.Release|Any CPU.Build.0 = Release|Any CPU
		{C4564F1A-8DE6-4495-876B-69B52D4D755C}.Debug|Any CPU.ActiveCfg = Debug|Any CPU
		{C4564F1A-8DE6-4495-876B-69B52D4D755C}.Debug|Any CPU.Build.0 = Debug|Any CPU
		{C4564F1A-8DE6-4495-876B-69B52D4D755C}.Release|Any CPU.ActiveCfg = Release|Any CPU
		{C4564F1A-8DE6-4495-876B-69B52D4D755C}.Release|Any CPU.Build.0 = Release|Any CPU
		{C769D2EF-85BC-4C10-91A8-163172CA8E02}.Debug|Any CPU.ActiveCfg = Debug|Any CPU
		{C769D2EF-85BC-4C10-91A8-163172CA8E02}.Debug|Any CPU.Build.0 = Debug|Any CPU
		{C769D2EF-85BC-4C10-91A8-163172CA8E02}.Release|Any CPU.ActiveCfg = Release|Any CPU
		{C769D2EF-85BC-4C10-91A8-163172CA8E02}.Release|Any CPU.Build.0 = Release|Any CPU
		{8E071AB7-F154-47CD-8948-4C6EAE2E63A4}.Debug|Any CPU.ActiveCfg = Debug|Any CPU
		{8E071AB7-F154-47CD-8948-4C6EAE2E63A4}.Debug|Any CPU.Build.0 = Debug|Any CPU
		{8E071AB7-F154-47CD-8948-4C6EAE2E63A4}.Release|Any CPU.ActiveCfg = Release|Any CPU
		{8E071AB7-F154-47CD-8948-4C6EAE2E63A4}.Release|Any CPU.Build.0 = Release|Any CPU
		{D670B09B-B473-4EEC-AB1F-884421C6C101}.Debug|Any CPU.ActiveCfg = Debug|Any CPU
		{D670B09B-B473-4EEC-AB1F-884421C6C101}.Debug|Any CPU.Build.0 = Debug|Any CPU
		{D670B09B-B473-4EEC-AB1F-884421C6C101}.Release|Any CPU.ActiveCfg = Release|Any CPU
		{D670B09B-B473-4EEC-AB1F-884421C6C101}.Release|Any CPU.Build.0 = Release|Any CPU
		{C0AAE0B4-09EA-4A0C-893A-BD6AA6A9CF47}.Debug|Any CPU.ActiveCfg = Debug|Any CPU
		{C0AAE0B4-09EA-4A0C-893A-BD6AA6A9CF47}.Debug|Any CPU.Build.0 = Debug|Any CPU
		{C0AAE0B4-09EA-4A0C-893A-BD6AA6A9CF47}.Release|Any CPU.ActiveCfg = Release|Any CPU
		{C0AAE0B4-09EA-4A0C-893A-BD6AA6A9CF47}.Release|Any CPU.Build.0 = Release|Any CPU
		{3A4EE5B5-8D16-4DF6-BE0B-A1391F7BFAE2}.Debug|Any CPU.ActiveCfg = Debug|Any CPU
		{3A4EE5B5-8D16-4DF6-BE0B-A1391F7BFAE2}.Debug|Any CPU.Build.0 = Debug|Any CPU
		{3A4EE5B5-8D16-4DF6-BE0B-A1391F7BFAE2}.Release|Any CPU.ActiveCfg = Release|Any CPU
		{3A4EE5B5-8D16-4DF6-BE0B-A1391F7BFAE2}.Release|Any CPU.Build.0 = Release|Any CPU
		{6F739F12-8A90-4065-9213-2EB65D2E87DE}.Debug|Any CPU.ActiveCfg = Debug|Any CPU
		{6F739F12-8A90-4065-9213-2EB65D2E87DE}.Debug|Any CPU.Build.0 = Debug|Any CPU
		{6F739F12-8A90-4065-9213-2EB65D2E87DE}.Release|Any CPU.ActiveCfg = Release|Any CPU
		{6F739F12-8A90-4065-9213-2EB65D2E87DE}.Release|Any CPU.Build.0 = Release|Any CPU
		{2DB4C2CB-E1A7-4F9B-967A-AF7E306743A8}.Debug|Any CPU.ActiveCfg = Debug|Any CPU
		{2DB4C2CB-E1A7-4F9B-967A-AF7E306743A8}.Debug|Any CPU.Build.0 = Debug|Any CPU
		{2DB4C2CB-E1A7-4F9B-967A-AF7E306743A8}.Release|Any CPU.ActiveCfg = Release|Any CPU
		{2DB4C2CB-E1A7-4F9B-967A-AF7E306743A8}.Release|Any CPU.Build.0 = Release|Any CPU
	EndGlobalSection
	GlobalSection(SolutionProperties) = preSolution
		HideSolutionNode = FALSE
	EndGlobalSection
	GlobalSection(NestedProjects) = preSolution
		{92F4A58C-EFDA-461D-BE60-625B8D74AD94} = {69231715-9886-48BF-925C-F1D0CCA5B5AC}
		{E05ADB25-A25F-47EE-961D-81AA121DC133} = {92F4A58C-EFDA-461D-BE60-625B8D74AD94}
		{89CA67B0-0742-4971-BADB-28EB6C0B92CA} = {69231715-9886-48BF-925C-F1D0CCA5B5AC}
		{C769D2EF-85BC-4C10-91A8-163172CA8E02} = {89CA67B0-0742-4971-BADB-28EB6C0B92CA}
		{85DB732D-B162-4686-A37B-988B055B94F3} = {69231715-9886-48BF-925C-F1D0CCA5B5AC}
		{8E071AB7-F154-47CD-8948-4C6EAE2E63A4} = {85DB732D-B162-4686-A37B-988B055B94F3}
		{D670B09B-B473-4EEC-AB1F-884421C6C101} = {85DB732D-B162-4686-A37B-988B055B94F3}
		{BBD791C6-5008-4918-A597-508773FEBB9F} = {69231715-9886-48BF-925C-F1D0CCA5B5AC}
		{C0AAE0B4-09EA-4A0C-893A-BD6AA6A9CF47} = {BBD791C6-5008-4918-A597-508773FEBB9F}
		{3A4EE5B5-8D16-4DF6-BE0B-A1391F7BFAE2} = {BBD791C6-5008-4918-A597-508773FEBB9F}
		{6F739F12-8A90-4065-9213-2EB65D2E87DE} = {BBD791C6-5008-4918-A597-508773FEBB9F}
		{2DB4C2CB-E1A7-4F9B-967A-AF7E306743A8} = {BBD791C6-5008-4918-A597-508773FEBB9F}
	EndGlobalSection
	GlobalSection(ExtensibilityGlobals) = postSolution
		SolutionGuid = {96A38F46-E89F-4F2C-A652-E675A58EC55E}
	EndGlobalSection
EndGlobal
